
Microsoft Visual Studio Solution File, Format Version 12.00
# Visual Studio Version 16
VisualStudioVersion = 16.6.30114.105
MinimumVisualStudioVersion = 10.0.40219.1
Project("{FAE04EC0-301F-11D3-BF4B-00C04F79EFBC}") = "API", "API\API.csproj", "{79C3948F-9D49-4EA2-B2E5-CFE2B55FDAFE}"
EndProject
Project("{FAE04EC0-301F-11D3-BF4B-00C04F79EFBC}") = "Core", "Core\Core.csproj", "{A574DAD4-E11C-4180-85FC-4231089FD512}"
EndProject
Project("{FAE04EC0-301F-11D3-BF4B-00C04F79EFBC}") = "Infrastructure", "Infrastructure\Infrastructure.csproj", "{C92045E4-F120-409E-9C56-4857EF3AF8F8}"
EndProject
Global
	GlobalSection(SolutionConfigurationPlatforms) = preSolution
		Debug|Any CPU = Debug|Any CPU
		Debug|x64 = Debug|x64
		Debug|x86 = Debug|x86
		Release|Any CPU = Release|Any CPU
		Release|x64 = Release|x64
		Release|x86 = Release|x86
	EndGlobalSection
	GlobalSection(SolutionProperties) = preSolution
		HideSolutionNode = FALSE
	EndGlobalSection
	GlobalSection(ProjectConfigurationPlatforms) = postSolution
		{79C3948F-9D49-4EA2-B2E5-CFE2B55FDAFE}.Debug|Any CPU.ActiveCfg = Debug|Any CPU
		{79C3948F-9D49-4EA2-B2E5-CFE2B55FDAFE}.Debug|Any CPU.Build.0 = Debug|Any CPU
		{79C3948F-9D49-4EA2-B2E5-CFE2B55FDAFE}.Debug|x64.ActiveCfg = Debug|Any CPU
		{79C3948F-9D49-4EA2-B2E5-CFE2B55FDAFE}.Debug|x64.Build.0 = Debug|Any CPU
		{79C3948F-9D49-4EA2-B2E5-CFE2B55FDAFE}.Debug|x86.ActiveCfg = Debug|Any CPU
		{79C3948F-9D49-4EA2-B2E5-CFE2B55FDAFE}.Debug|x86.Build.0 = Debug|Any CPU
		{79C3948F-9D49-4EA2-B2E5-CFE2B55FDAFE}.Release|Any CPU.ActiveCfg = Release|Any CPU
		{79C3948F-9D49-4EA2-B2E5-CFE2B55FDAFE}.Release|Any CPU.Build.0 = Release|Any CPU
		{79C3948F-9D49-4EA2-B2E5-CFE2B55FDAFE}.Release|x64.ActiveCfg = Release|Any CPU
		{79C3948F-9D49-4EA2-B2E5-CFE2B55FDAFE}.Release|x64.Build.0 = Release|Any CPU
		{79C3948F-9D49-4EA2-B2E5-CFE2B55FDAFE}.Release|x86.ActiveCfg = Release|Any CPU
		{79C3948F-9D49-4EA2-B2E5-CFE2B55FDAFE}.Release|x86.Build.0 = Release|Any CPU
		{A574DAD4-E11C-4180-85FC-4231089FD512}.Debug|Any CPU.ActiveCfg = Debug|Any CPU
		{A574DAD4-E11C-4180-85FC-4231089FD512}.Debug|Any CPU.Build.0 = Debug|Any CPU
		{A574DAD4-E11C-4180-85FC-4231089FD512}.Debug|x64.ActiveCfg = Debug|Any CPU
		{A574DAD4-E11C-4180-85FC-4231089FD512}.Debug|x64.Build.0 = Debug|Any CPU
		{A574DAD4-E11C-4180-85FC-4231089FD512}.Debug|x86.ActiveCfg = Debug|Any CPU
		{A574DAD4-E11C-4180-85FC-4231089FD512}.Debug|x86.Build.0 = Debug|Any CPU
		{A574DAD4-E11C-4180-85FC-4231089FD512}.Release|Any CPU.ActiveCfg = Release|Any CPU
		{A574DAD4-E11C-4180-85FC-4231089FD512}.Release|Any CPU.Build.0 = Release|Any CPU
		{A574DAD4-E11C-4180-85FC-4231089FD512}.Release|x64.ActiveCfg = Release|Any CPU
		{A574DAD4-E11C-4180-85FC-4231089FD512}.Release|x64.Build.0 = Release|Any CPU
		{A574DAD4-E11C-4180-85FC-4231089FD512}.Release|x86.ActiveCfg = Release|Any CPU
		{A574DAD4-E11C-4180-85FC-4231089FD512}.Release|x86.Build.0 = Release|Any CPU
		{C92045E4-F120-409E-9C56-4857EF3AF8F8}.Debug|Any CPU.ActiveCfg = Debug|Any CPU
		{C92045E4-F120-409E-9C56-4857EF3AF8F8}.Debug|Any CPU.Build.0 = Debug|Any CPU
		{C92045E4-F120-409E-9C56-4857EF3AF8F8}.Debug|x64.ActiveCfg = Debug|Any CPU
		{C92045E4-F120-409E-9C56-4857EF3AF8F8}.Debug|x64.Build.0 = Debug|Any CPU
		{C92045E4-F120-409E-9C56-4857EF3AF8F8}.Debug|x86.ActiveCfg = Debug|Any CPU
		{C92045E4-F120-409E-9C56-4857EF3AF8F8}.Debug|x86.Build.0 = Debug|Any CPU
		{C92045E4-F120-409E-9C56-4857EF3AF8F8}.Release|Any CPU.ActiveCfg = Release|Any CPU
		{C92045E4-F120-409E-9C56-4857EF3AF8F8}.Release|Any CPU.Build.0 = Release|Any CPU
		{C92045E4-F120-409E-9C56-4857EF3AF8F8}.Release|x64.ActiveCfg = Release|Any CPU
		{C92045E4-F120-409E-9C56-4857EF3AF8F8}.Release|x64.Build.0 = Release|Any CPU
		{C92045E4-F120-409E-9C56-4857EF3AF8F8}.Release|x86.ActiveCfg = Release|Any CPU
		{C92045E4-F120-409E-9C56-4857EF3AF8F8}.Release|x86.Build.0 = Release|Any CPU
	EndGlobalSection
EndGlobal
